
Microsoft Visual Studio Solution File, Format Version 12.00
# Visual Studio 15
VisualStudioVersion = 15.0.26430.13
MinimumVisualStudioVersion = 10.0.40219.1
Project("{FAE04EC0-301F-11D3-BF4B-00C04F79EFBC}") = "Swap3d.Windows.CLI", "Swap3d.Windows.CLI\Swap3d.Windows.CLI.csproj", "{D7B3D01E-3EA9-4229-BBAB-0C75364435CB}"
EndProject
Project("{FAE04EC0-301F-11D3-BF4B-00C04F79EFBC}") = "Swap3d.Windows.CLI.Test", "Swap3d.Windows.CLI.Test\Swap3d.Windows.CLI.Test.csproj", "{077FDECC-127E-41F6-9303-6AFDC9AF4DD4}"
EndProject
Global
	GlobalSection(SolutionConfigurationPlatforms) = preSolution
		Debug|Any CPU = Debug|Any CPU
		Release|Any CPU = Release|Any CPU
	EndGlobalSection
	GlobalSection(ProjectConfigurationPlatforms) = postSolution
		{D7B3D01E-3EA9-4229-BBAB-0C75364435CB}.Debug|Any CPU.ActiveCfg = Debug|Any CPU
		{D7B3D01E-3EA9-4229-BBAB-0C75364435CB}.Debug|Any CPU.Build.0 = Debug|Any CPU
		{D7B3D01E-3EA9-4229-BBAB-0C75364435CB}.Release|Any CPU.ActiveCfg = Release|Any CPU
		{D7B3D01E-3EA9-4229-BBAB-0C75364435CB}.Release|Any CPU.Build.0 = Release|Any CPU
		{077FDECC-127E-41F6-9303-6AFDC9AF4DD4}.Debug|Any CPU.ActiveCfg = Debug|Any CPU
		{077FDECC-127E-41F6-9303-6AFDC9AF4DD4}.Debug|Any CPU.Build.0 = Debug|Any CPU
		{077FDECC-127E-41F6-9303-6AFDC9AF4DD4}.Release|Any CPU.ActiveCfg = Release|Any CPU
		{077FDECC-127E-41F6-9303-6AFDC9AF4DD4}.Release|Any CPU.Build.0 = Release|Any CPU
	EndGlobalSection
	GlobalSection(SolutionProperties) = preSolution
		HideSolutionNode = FALSE
	EndGlobalSection
EndGlobal
